
Microsoft Visual Studio Solution File, Format Version 12.00
# Visual Studio 14
VisualStudioVersion = 14.0.23107.0
MinimumVisualStudioVersion = 10.0.40219.1
Project("{2150E333-8FDC-42A3-9474-1A3956D46DE8}") = "lib", "lib", "{5B64C6CB-0409-4FB2-90BE-0E4594E00D97}"
EndProject
Project("{2150E333-8FDC-42A3-9474-1A3956D46DE8}") = "test", "test", "{37F034A2-E126-411C-B47D-C137CA83D5DE}"
EndProject
Project("{FAE04EC0-301F-11D3-BF4B-00C04F79EFBC}") = "AdminInterface", "AdminInterface\AdminInterface.csproj", "{656DA754-EAFC-4A6B-8183-0F1AAE8D6D60}"
	ProjectSection(ProjectDependencies) = postProject
		{95E2C313-46FA-4B4B-9EFF-3228662908F4} = {95E2C313-46FA-4B4B-9EFF-3228662908F4}
	EndProjectSection
EndProject
Project("{FAE04EC0-301F-11D3-BF4B-00C04F79EFBC}") = "Common.Web.Ui", "Common.Web.Ui\Common.Web.Ui\Common.Web.Ui.csproj", "{95E2C313-46FA-4B4B-9EFF-3228662908F4}"
EndProject
Project("{FAE04EC0-301F-11D3-BF4B-00C04F79EFBC}") = "Common.Web.Ui.Test", "Common.Web.Ui\Common.Web.Ui.Test\Common.Web.Ui.Test.csproj", "{D3BA9766-79FD-4DC9-9A44-B847C6625E0A}"
EndProject
Project("{FAE04EC0-301F-11D3-BF4B-00C04F79EFBC}") = "Common.MySql", "Common.MySql\Common.MySql\Common.MySql.csproj", "{8A680813-C83B-497A-85E6-E8F07B7D7650}"
EndProject
Project("{FAE04EC0-301F-11D3-BF4B-00C04F79EFBC}") = "Common.MySql.Tests", "Common.MySql\Common.MySql.Tests\Common.MySql.Tests.csproj", "{98EFE255-60D6-4C1B-95A6-49779D21E94E}"
EndProject
Project("{FAE04EC0-301F-11D3-BF4B-00C04F79EFBC}") = "Common.Tools", "Common.Tools\Common.Tools\Common.Tools.csproj", "{72AFCFE8-C9E9-45FA-9698-BEE896A517A3}"
EndProject
Project("{FAE04EC0-301F-11D3-BF4B-00C04F79EFBC}") = "Common.Tools.Tests", "Common.Tools\Common.Tools.Test\Common.Tools.Tests.csproj", "{A2C4864F-8976-4C5B-A2BF-60AE31749BB7}"
EndProject
Project("{FAE04EC0-301F-11D3-BF4B-00C04F79EFBC}") = "Functional", "Functional\Functional.csproj", "{641C9D72-F05E-43CE-BD1A-09DE4819AD93}"
EndProject
Project("{FAE04EC0-301F-11D3-BF4B-00C04F79EFBC}") = "Integration", "Integration\Integration.csproj", "{AFB6C06A-079A-43B4-B314-8E5F6359C77A}"
EndProject
Project("{FAE04EC0-301F-11D3-BF4B-00C04F79EFBC}") = "Unit", "Unit\Unit.csproj", "{FDA13653-9A89-46A0-9E62-91A07A7E6044}"
EndProject
Project("{FAE04EC0-301F-11D3-BF4B-00C04F79EFBC}") = "MonoRail.Debugger.Toolbar", "..\lib\MonoRail.Debugger.Toolbar\src\MonoRail.Debugger.Toolbar\MonoRail.Debugger.Toolbar.csproj", "{BF858A13-1FE7-42F0-AF78-D9909FA193D1}"
EndProject
Project("{FAE04EC0-301F-11D3-BF4B-00C04F79EFBC}") = "Printer", "Printer\Printer.csproj", "{A3DD8175-CFDA-485B-AF01-A55D766B446F}"
EndProject
Project("{FAE04EC0-301F-11D3-BF4B-00C04F79EFBC}") = "AdminInterface.Background", "AdminInterface.Background\AdminInterface.Background.csproj", "{A5FA2D6E-1E63-41CA-871C-1B64FEC53A8C}"
EndProject
Project("{FAE04EC0-301F-11D3-BF4B-00C04F79EFBC}") = "MonoRail.Debugger.Toolbar.Test", "..\lib\MonoRail.Debugger.Toolbar\test\MonoRail.Debugger.Toolbar.Test\MonoRail.Debugger.Toolbar.Test.csproj", "{CDDDDADC-9F83-45F8-B01E-24B1E9536FDC}"
EndProject
Project("{FAE04EC0-301F-11D3-BF4B-00C04F79EFBC}") = "Test.Support", "Test.Support\Test.Support\Test.Support.csproj", "{A215E837-1208-49E3-AF93-A9612223122C}"
EndProject
Project("{FAE04EC0-301F-11D3-BF4B-00C04F79EFBC}") = "Test.Support.Web", "Test.Support\Test.Support.Web\Test.Support.Web.csproj", "{12258B1D-35E8-45BA-9C1E-5F7B8ACD7D37}"
EndProject
Project("{FAE04EC0-301F-11D3-BF4B-00C04F79EFBC}") = "Common.Web.Ui.Excel", "Common.Web.UI\Common.Web.Ui.Excel\Common.Web.Ui.Excel.csproj", "{D6853570-4238-430A-ADFE-3CAACE172954}"
EndProject
Project("{FAE04EC0-301F-11D3-BF4B-00C04F79EFBC}") = "Test.Support.Selenium", "Test.Support\Test.Support.Selenium\Test.Support.Selenium.csproj", "{E37375CE-ADBA-47C9-9FA1-D7C5C704CD89}"
EndProject
Global
	GlobalSection(SolutionConfigurationPlatforms) = preSolution
		Debug|Any CPU = Debug|Any CPU
		Debug|Mixed Platforms = Debug|Mixed Platforms
		Debug|x64 = Debug|x64
		Debug|x86 = Debug|x86
		Release|Any CPU = Release|Any CPU
		Release|Mixed Platforms = Release|Mixed Platforms
		Release|x64 = Release|x64
		Release|x86 = Release|x86
	EndGlobalSection
	GlobalSection(ProjectConfigurationPlatforms) = postSolution
		{656DA754-EAFC-4A6B-8183-0F1AAE8D6D60}.Debug|Any CPU.ActiveCfg = Debug|Any CPU
		{656DA754-EAFC-4A6B-8183-0F1AAE8D6D60}.Debug|Any CPU.Build.0 = Debug|Any CPU
		{656DA754-EAFC-4A6B-8183-0F1AAE8D6D60}.Debug|Mixed Platforms.ActiveCfg = Debug|Any CPU
		{656DA754-EAFC-4A6B-8183-0F1AAE8D6D60}.Debug|Mixed Platforms.Build.0 = Debug|Any CPU
		{656DA754-EAFC-4A6B-8183-0F1AAE8D6D60}.Debug|x64.ActiveCfg = Debug|Any CPU
		{656DA754-EAFC-4A6B-8183-0F1AAE8D6D60}.Debug|x86.ActiveCfg = Debug|Any CPU
		{656DA754-EAFC-4A6B-8183-0F1AAE8D6D60}.Release|Any CPU.ActiveCfg = Release|Any CPU
		{656DA754-EAFC-4A6B-8183-0F1AAE8D6D60}.Release|Any CPU.Build.0 = Release|Any CPU
		{656DA754-EAFC-4A6B-8183-0F1AAE8D6D60}.Release|Mixed Platforms.ActiveCfg = Release|Any CPU
		{656DA754-EAFC-4A6B-8183-0F1AAE8D6D60}.Release|Mixed Platforms.Build.0 = Release|Any CPU
		{656DA754-EAFC-4A6B-8183-0F1AAE8D6D60}.Release|x64.ActiveCfg = Release|Any CPU
		{656DA754-EAFC-4A6B-8183-0F1AAE8D6D60}.Release|x86.ActiveCfg = Release|Any CPU
		{95E2C313-46FA-4B4B-9EFF-3228662908F4}.Debug|Any CPU.ActiveCfg = Debug|Any CPU
		{95E2C313-46FA-4B4B-9EFF-3228662908F4}.Debug|Any CPU.Build.0 = Debug|Any CPU
		{95E2C313-46FA-4B4B-9EFF-3228662908F4}.Debug|Mixed Platforms.ActiveCfg = debug-net45|Any CPU
		{95E2C313-46FA-4B4B-9EFF-3228662908F4}.Debug|Mixed Platforms.Build.0 = debug-net45|Any CPU
		{95E2C313-46FA-4B4B-9EFF-3228662908F4}.Debug|x64.ActiveCfg = Debug|Any CPU
		{95E2C313-46FA-4B4B-9EFF-3228662908F4}.Debug|x86.ActiveCfg = Debug|Any CPU
		{95E2C313-46FA-4B4B-9EFF-3228662908F4}.Release|Any CPU.ActiveCfg = Release|Any CPU
		{95E2C313-46FA-4B4B-9EFF-3228662908F4}.Release|Any CPU.Build.0 = Release|Any CPU
		{95E2C313-46FA-4B4B-9EFF-3228662908F4}.Release|Mixed Platforms.ActiveCfg = Release|Any CPU
		{95E2C313-46FA-4B4B-9EFF-3228662908F4}.Release|Mixed Platforms.Build.0 = Release|Any CPU
		{95E2C313-46FA-4B4B-9EFF-3228662908F4}.Release|x64.ActiveCfg = Release|Any CPU
		{95E2C313-46FA-4B4B-9EFF-3228662908F4}.Release|x86.ActiveCfg = Release|Any CPU
		{D3BA9766-79FD-4DC9-9A44-B847C6625E0A}.Debug|Any CPU.ActiveCfg = Debug|Any CPU
		{D3BA9766-79FD-4DC9-9A44-B847C6625E0A}.Debug|Any CPU.Build.0 = Debug|Any CPU
		{D3BA9766-79FD-4DC9-9A44-B847C6625E0A}.Debug|Mixed Platforms.ActiveCfg = debug-net45|Any CPU
		{D3BA9766-79FD-4DC9-9A44-B847C6625E0A}.Debug|Mixed Platforms.Build.0 = debug-net45|Any CPU
		{D3BA9766-79FD-4DC9-9A44-B847C6625E0A}.Debug|x64.ActiveCfg = Debug|Any CPU
		{D3BA9766-79FD-4DC9-9A44-B847C6625E0A}.Debug|x86.ActiveCfg = Debug|Any CPU
		{D3BA9766-79FD-4DC9-9A44-B847C6625E0A}.Release|Any CPU.ActiveCfg = Release|Any CPU
		{D3BA9766-79FD-4DC9-9A44-B847C6625E0A}.Release|Any CPU.Build.0 = Release|Any CPU
		{D3BA9766-79FD-4DC9-9A44-B847C6625E0A}.Release|Mixed Platforms.ActiveCfg = Release|Any CPU
		{D3BA9766-79FD-4DC9-9A44-B847C6625E0A}.Release|Mixed Platforms.Build.0 = Release|Any CPU
		{D3BA9766-79FD-4DC9-9A44-B847C6625E0A}.Release|x64.ActiveCfg = Release|Any CPU
		{D3BA9766-79FD-4DC9-9A44-B847C6625E0A}.Release|x86.ActiveCfg = Release|Any CPU
		{8A680813-C83B-497A-85E6-E8F07B7D7650}.Debug|Any CPU.ActiveCfg = Debug|Any CPU
		{8A680813-C83B-497A-85E6-E8F07B7D7650}.Debug|Any CPU.Build.0 = Debug|Any CPU
		{8A680813-C83B-497A-85E6-E8F07B7D7650}.Debug|Mixed Platforms.ActiveCfg = debug-net45|Any CPU
		{8A680813-C83B-497A-85E6-E8F07B7D7650}.Debug|Mixed Platforms.Build.0 = debug-net45|Any CPU
		{8A680813-C83B-497A-85E6-E8F07B7D7650}.Debug|x64.ActiveCfg = Debug|Any CPU
		{8A680813-C83B-497A-85E6-E8F07B7D7650}.Debug|x86.ActiveCfg = Debug|Any CPU
		{8A680813-C83B-497A-85E6-E8F07B7D7650}.Release|Any CPU.ActiveCfg = Release|Any CPU
		{8A680813-C83B-497A-85E6-E8F07B7D7650}.Release|Any CPU.Build.0 = Release|Any CPU
		{8A680813-C83B-497A-85E6-E8F07B7D7650}.Release|Mixed Platforms.ActiveCfg = Release|Any CPU
		{8A680813-C83B-497A-85E6-E8F07B7D7650}.Release|Mixed Platforms.Build.0 = Release|Any CPU
		{8A680813-C83B-497A-85E6-E8F07B7D7650}.Release|x64.ActiveCfg = Release|Any CPU
		{8A680813-C83B-497A-85E6-E8F07B7D7650}.Release|x86.ActiveCfg = Release|Any CPU
		{98EFE255-60D6-4C1B-95A6-49779D21E94E}.Debug|Any CPU.ActiveCfg = Debug|Any CPU
		{98EFE255-60D6-4C1B-95A6-49779D21E94E}.Debug|Any CPU.Build.0 = Debug|Any CPU
		{98EFE255-60D6-4C1B-95A6-49779D21E94E}.Debug|Mixed Platforms.ActiveCfg = debug-net45|Any CPU
		{98EFE255-60D6-4C1B-95A6-49779D21E94E}.Debug|Mixed Platforms.Build.0 = debug-net45|Any CPU
		{98EFE255-60D6-4C1B-95A6-49779D21E94E}.Debug|x64.ActiveCfg = Debug|Any CPU
		{98EFE255-60D6-4C1B-95A6-49779D21E94E}.Debug|x86.ActiveCfg = Debug|Any CPU
		{98EFE255-60D6-4C1B-95A6-49779D21E94E}.Release|Any CPU.ActiveCfg = Release|Any CPU
		{98EFE255-60D6-4C1B-95A6-49779D21E94E}.Release|Any CPU.Build.0 = Release|Any CPU
		{98EFE255-60D6-4C1B-95A6-49779D21E94E}.Release|Mixed Platforms.ActiveCfg = Release|Any CPU
		{98EFE255-60D6-4C1B-95A6-49779D21E94E}.Release|Mixed Platforms.Build.0 = Release|Any CPU
		{98EFE255-60D6-4C1B-95A6-49779D21E94E}.Release|x64.ActiveCfg = Release|Any CPU
		{98EFE255-60D6-4C1B-95A6-49779D21E94E}.Release|x86.ActiveCfg = Release|Any CPU
		{72AFCFE8-C9E9-45FA-9698-BEE896A517A3}.Debug|Any CPU.ActiveCfg = Debug|Any CPU
		{72AFCFE8-C9E9-45FA-9698-BEE896A517A3}.Debug|Any CPU.Build.0 = Debug|Any CPU
		{72AFCFE8-C9E9-45FA-9698-BEE896A517A3}.Debug|Mixed Platforms.ActiveCfg = debug-net45|Any CPU
		{72AFCFE8-C9E9-45FA-9698-BEE896A517A3}.Debug|Mixed Platforms.Build.0 = debug-net45|Any CPU
		{72AFCFE8-C9E9-45FA-9698-BEE896A517A3}.Debug|x64.ActiveCfg = Debug|Any CPU
		{72AFCFE8-C9E9-45FA-9698-BEE896A517A3}.Debug|x86.ActiveCfg = Debug|Any CPU
		{72AFCFE8-C9E9-45FA-9698-BEE896A517A3}.Release|Any CPU.ActiveCfg = Release|Any CPU
		{72AFCFE8-C9E9-45FA-9698-BEE896A517A3}.Release|Any CPU.Build.0 = Release|Any CPU
		{72AFCFE8-C9E9-45FA-9698-BEE896A517A3}.Release|Mixed Platforms.ActiveCfg = Release|Any CPU
		{72AFCFE8-C9E9-45FA-9698-BEE896A517A3}.Release|Mixed Platforms.Build.0 = Release|Any CPU
		{72AFCFE8-C9E9-45FA-9698-BEE896A517A3}.Release|x64.ActiveCfg = Release|Any CPU
		{72AFCFE8-C9E9-45FA-9698-BEE896A517A3}.Release|x86.ActiveCfg = Release|Any CPU
		{A2C4864F-8976-4C5B-A2BF-60AE31749BB7}.Debug|Any CPU.ActiveCfg = Debug|Any CPU
		{A2C4864F-8976-4C5B-A2BF-60AE31749BB7}.Debug|Any CPU.Build.0 = Debug|Any CPU
		{A2C4864F-8976-4C5B-A2BF-60AE31749BB7}.Debug|Mixed Platforms.ActiveCfg = debug-net45|Any CPU
		{A2C4864F-8976-4C5B-A2BF-60AE31749BB7}.Debug|Mixed Platforms.Build.0 = debug-net45|Any CPU
		{A2C4864F-8976-4C5B-A2BF-60AE31749BB7}.Debug|x64.ActiveCfg = Debug|Any CPU
		{A2C4864F-8976-4C5B-A2BF-60AE31749BB7}.Debug|x86.ActiveCfg = Debug|Any CPU
		{A2C4864F-8976-4C5B-A2BF-60AE31749BB7}.Release|Any CPU.ActiveCfg = Release|Any CPU
		{A2C4864F-8976-4C5B-A2BF-60AE31749BB7}.Release|Any CPU.Build.0 = Release|Any CPU
		{A2C4864F-8976-4C5B-A2BF-60AE31749BB7}.Release|Mixed Platforms.ActiveCfg = Release|Any CPU
		{A2C4864F-8976-4C5B-A2BF-60AE31749BB7}.Release|Mixed Platforms.Build.0 = Release|Any CPU
		{A2C4864F-8976-4C5B-A2BF-60AE31749BB7}.Release|x64.ActiveCfg = Release|Any CPU
		{A2C4864F-8976-4C5B-A2BF-60AE31749BB7}.Release|x86.ActiveCfg = Release|Any CPU
		{641C9D72-F05E-43CE-BD1A-09DE4819AD93}.Debug|Any CPU.ActiveCfg = Debug|Any CPU
		{641C9D72-F05E-43CE-BD1A-09DE4819AD93}.Debug|Any CPU.Build.0 = Debug|Any CPU
		{641C9D72-F05E-43CE-BD1A-09DE4819AD93}.Debug|Mixed Platforms.ActiveCfg = Debug|Any CPU
		{641C9D72-F05E-43CE-BD1A-09DE4819AD93}.Debug|Mixed Platforms.Build.0 = Debug|Any CPU
		{641C9D72-F05E-43CE-BD1A-09DE4819AD93}.Debug|x64.ActiveCfg = Debug|Any CPU
		{641C9D72-F05E-43CE-BD1A-09DE4819AD93}.Debug|x86.ActiveCfg = Debug|Any CPU
		{641C9D72-F05E-43CE-BD1A-09DE4819AD93}.Release|Any CPU.ActiveCfg = Release|Any CPU
		{641C9D72-F05E-43CE-BD1A-09DE4819AD93}.Release|Any CPU.Build.0 = Release|Any CPU
		{641C9D72-F05E-43CE-BD1A-09DE4819AD93}.Release|Mixed Platforms.ActiveCfg = Release|Any CPU
		{641C9D72-F05E-43CE-BD1A-09DE4819AD93}.Release|Mixed Platforms.Build.0 = Release|Any CPU
		{641C9D72-F05E-43CE-BD1A-09DE4819AD93}.Release|x64.ActiveCfg = Release|Any CPU
		{641C9D72-F05E-43CE-BD1A-09DE4819AD93}.Release|x86.ActiveCfg = Release|Any CPU
		{AFB6C06A-079A-43B4-B314-8E5F6359C77A}.Debug|Any CPU.ActiveCfg = Debug|Any CPU
		{AFB6C06A-079A-43B4-B314-8E5F6359C77A}.Debug|Any CPU.Build.0 = Debug|Any CPU
		{AFB6C06A-079A-43B4-B314-8E5F6359C77A}.Debug|Mixed Platforms.ActiveCfg = Debug|Any CPU
		{AFB6C06A-079A-43B4-B314-8E5F6359C77A}.Debug|Mixed Platforms.Build.0 = Debug|Any CPU
		{AFB6C06A-079A-43B4-B314-8E5F6359C77A}.Debug|x64.ActiveCfg = Debug|Any CPU
		{AFB6C06A-079A-43B4-B314-8E5F6359C77A}.Debug|x86.ActiveCfg = Debug|Any CPU
		{AFB6C06A-079A-43B4-B314-8E5F6359C77A}.Release|Any CPU.ActiveCfg = Release|Any CPU
		{AFB6C06A-079A-43B4-B314-8E5F6359C77A}.Release|Any CPU.Build.0 = Release|Any CPU
		{AFB6C06A-079A-43B4-B314-8E5F6359C77A}.Release|Mixed Platforms.ActiveCfg = Release|Any CPU
		{AFB6C06A-079A-43B4-B314-8E5F6359C77A}.Release|Mixed Platforms.Build.0 = Release|Any CPU
		{AFB6C06A-079A-43B4-B314-8E5F6359C77A}.Release|x64.ActiveCfg = Release|Any CPU
		{AFB6C06A-079A-43B4-B314-8E5F6359C77A}.Release|x86.ActiveCfg = Release|Any CPU
		{FDA13653-9A89-46A0-9E62-91A07A7E6044}.Debug|Any CPU.ActiveCfg = Debug|Any CPU
		{FDA13653-9A89-46A0-9E62-91A07A7E6044}.Debug|Any CPU.Build.0 = Debug|Any CPU
		{FDA13653-9A89-46A0-9E62-91A07A7E6044}.Debug|Mixed Platforms.ActiveCfg = Debug|Any CPU
		{FDA13653-9A89-46A0-9E62-91A07A7E6044}.Debug|Mixed Platforms.Build.0 = Debug|Any CPU
		{FDA13653-9A89-46A0-9E62-91A07A7E6044}.Debug|x64.ActiveCfg = Debug|Any CPU
		{FDA13653-9A89-46A0-9E62-91A07A7E6044}.Debug|x86.ActiveCfg = Debug|Any CPU
		{FDA13653-9A89-46A0-9E62-91A07A7E6044}.Release|Any CPU.ActiveCfg = Release|Any CPU
		{FDA13653-9A89-46A0-9E62-91A07A7E6044}.Release|Any CPU.Build.0 = Release|Any CPU
		{FDA13653-9A89-46A0-9E62-91A07A7E6044}.Release|Mixed Platforms.ActiveCfg = Release|Any CPU
		{FDA13653-9A89-46A0-9E62-91A07A7E6044}.Release|Mixed Platforms.Build.0 = Release|Any CPU
		{FDA13653-9A89-46A0-9E62-91A07A7E6044}.Release|x64.ActiveCfg = Release|Any CPU
		{FDA13653-9A89-46A0-9E62-91A07A7E6044}.Release|x86.ActiveCfg = Release|Any CPU
		{BF858A13-1FE7-42F0-AF78-D9909FA193D1}.Debug|Any CPU.ActiveCfg = Debug|Any CPU
		{BF858A13-1FE7-42F0-AF78-D9909FA193D1}.Debug|Any CPU.Build.0 = Debug|Any CPU
		{BF858A13-1FE7-42F0-AF78-D9909FA193D1}.Debug|Mixed Platforms.ActiveCfg = debug-net45|Any CPU
		{BF858A13-1FE7-42F0-AF78-D9909FA193D1}.Debug|Mixed Platforms.Build.0 = debug-net45|Any CPU
		{BF858A13-1FE7-42F0-AF78-D9909FA193D1}.Debug|x64.ActiveCfg = Debug|Any CPU
		{BF858A13-1FE7-42F0-AF78-D9909FA193D1}.Debug|x86.ActiveCfg = Debug|Any CPU
		{BF858A13-1FE7-42F0-AF78-D9909FA193D1}.Release|Any CPU.ActiveCfg = Release|Any CPU
		{BF858A13-1FE7-42F0-AF78-D9909FA193D1}.Release|Any CPU.Build.0 = Release|Any CPU
		{BF858A13-1FE7-42F0-AF78-D9909FA193D1}.Release|Mixed Platforms.ActiveCfg = Release|Any CPU
		{BF858A13-1FE7-42F0-AF78-D9909FA193D1}.Release|Mixed Platforms.Build.0 = Release|Any CPU
		{BF858A13-1FE7-42F0-AF78-D9909FA193D1}.Release|x64.ActiveCfg = Release|Any CPU
		{BF858A13-1FE7-42F0-AF78-D9909FA193D1}.Release|x86.ActiveCfg = Release|Any CPU
		{A3DD8175-CFDA-485B-AF01-A55D766B446F}.Debug|Any CPU.ActiveCfg = Debug|Any CPU
		{A3DD8175-CFDA-485B-AF01-A55D766B446F}.Debug|Any CPU.Build.0 = Debug|Any CPU
		{A3DD8175-CFDA-485B-AF01-A55D766B446F}.Debug|Mixed Platforms.ActiveCfg = Debug|Any CPU
		{A3DD8175-CFDA-485B-AF01-A55D766B446F}.Debug|Mixed Platforms.Build.0 = Debug|Any CPU
		{A3DD8175-CFDA-485B-AF01-A55D766B446F}.Debug|x64.ActiveCfg = Debug|x86
		{A3DD8175-CFDA-485B-AF01-A55D766B446F}.Debug|x86.ActiveCfg = Debug|x86
		{A3DD8175-CFDA-485B-AF01-A55D766B446F}.Debug|x86.Build.0 = Debug|x86
		{A3DD8175-CFDA-485B-AF01-A55D766B446F}.Release|Any CPU.ActiveCfg = Release|Any CPU
		{A3DD8175-CFDA-485B-AF01-A55D766B446F}.Release|Any CPU.Build.0 = Release|Any CPU
		{A3DD8175-CFDA-485B-AF01-A55D766B446F}.Release|Mixed Platforms.ActiveCfg = Release|Any CPU
		{A3DD8175-CFDA-485B-AF01-A55D766B446F}.Release|Mixed Platforms.Build.0 = Release|Any CPU
		{A3DD8175-CFDA-485B-AF01-A55D766B446F}.Release|x64.ActiveCfg = Release|x86
		{A3DD8175-CFDA-485B-AF01-A55D766B446F}.Release|x86.ActiveCfg = Release|x86
		{A3DD8175-CFDA-485B-AF01-A55D766B446F}.Release|x86.Build.0 = Release|x86
		{A5FA2D6E-1E63-41CA-871C-1B64FEC53A8C}.Debug|Any CPU.ActiveCfg = Debug|Any CPU
		{A5FA2D6E-1E63-41CA-871C-1B64FEC53A8C}.Debug|Any CPU.Build.0 = Debug|Any CPU
		{A5FA2D6E-1E63-41CA-871C-1B64FEC53A8C}.Debug|Mixed Platforms.ActiveCfg = Debug|Any CPU
		{A5FA2D6E-1E63-41CA-871C-1B64FEC53A8C}.Debug|Mixed Platforms.Build.0 = Debug|Any CPU
		{A5FA2D6E-1E63-41CA-871C-1B64FEC53A8C}.Debug|x64.ActiveCfg = Debug|Any CPU
		{A5FA2D6E-1E63-41CA-871C-1B64FEC53A8C}.Debug|x86.ActiveCfg = Debug|Any CPU
		{A5FA2D6E-1E63-41CA-871C-1B64FEC53A8C}.Release|Any CPU.ActiveCfg = Release|Any CPU
		{A5FA2D6E-1E63-41CA-871C-1B64FEC53A8C}.Release|Any CPU.Build.0 = Release|Any CPU
		{A5FA2D6E-1E63-41CA-871C-1B64FEC53A8C}.Release|Mixed Platforms.ActiveCfg = Release|Any CPU
		{A5FA2D6E-1E63-41CA-871C-1B64FEC53A8C}.Release|Mixed Platforms.Build.0 = Release|Any CPU
		{A5FA2D6E-1E63-41CA-871C-1B64FEC53A8C}.Release|x64.ActiveCfg = Release|Any CPU
		{A5FA2D6E-1E63-41CA-871C-1B64FEC53A8C}.Release|x86.ActiveCfg = Release|Any CPU
		{CDDDDADC-9F83-45F8-B01E-24B1E9536FDC}.Debug|Any CPU.ActiveCfg = Debug|Any CPU
		{CDDDDADC-9F83-45F8-B01E-24B1E9536FDC}.Debug|Any CPU.Build.0 = Debug|Any CPU
		{CDDDDADC-9F83-45F8-B01E-24B1E9536FDC}.Debug|Mixed Platforms.ActiveCfg = debug-net45|Any CPU
		{CDDDDADC-9F83-45F8-B01E-24B1E9536FDC}.Debug|Mixed Platforms.Build.0 = debug-net45|Any CPU
		{CDDDDADC-9F83-45F8-B01E-24B1E9536FDC}.Debug|x64.ActiveCfg = Debug|Any CPU
		{CDDDDADC-9F83-45F8-B01E-24B1E9536FDC}.Debug|x86.ActiveCfg = Debug|Any CPU
		{CDDDDADC-9F83-45F8-B01E-24B1E9536FDC}.Release|Any CPU.ActiveCfg = Release|Any CPU
		{CDDDDADC-9F83-45F8-B01E-24B1E9536FDC}.Release|Any CPU.Build.0 = Release|Any CPU
		{CDDDDADC-9F83-45F8-B01E-24B1E9536FDC}.Release|Mixed Platforms.ActiveCfg = Release|Any CPU
		{CDDDDADC-9F83-45F8-B01E-24B1E9536FDC}.Release|Mixed Platforms.Build.0 = Release|Any CPU
		{CDDDDADC-9F83-45F8-B01E-24B1E9536FDC}.Release|x64.ActiveCfg = Release|Any CPU
		{CDDDDADC-9F83-45F8-B01E-24B1E9536FDC}.Release|x86.ActiveCfg = Release|Any CPU
		{A215E837-1208-49E3-AF93-A9612223122C}.Debug|Any CPU.ActiveCfg = Debug|Any CPU
		{A215E837-1208-49E3-AF93-A9612223122C}.Debug|Any CPU.Build.0 = Debug|Any CPU
		{A215E837-1208-49E3-AF93-A9612223122C}.Debug|Mixed Platforms.ActiveCfg = debug-net45|Any CPU
		{A215E837-1208-49E3-AF93-A9612223122C}.Debug|Mixed Platforms.Build.0 = debug-net45|Any CPU
		{A215E837-1208-49E3-AF93-A9612223122C}.Debug|x64.ActiveCfg = Debug|Any CPU
		{A215E837-1208-49E3-AF93-A9612223122C}.Debug|x86.ActiveCfg = Debug|Any CPU
		{A215E837-1208-49E3-AF93-A9612223122C}.Release|Any CPU.ActiveCfg = Release|Any CPU
		{A215E837-1208-49E3-AF93-A9612223122C}.Release|Any CPU.Build.0 = Release|Any CPU
		{A215E837-1208-49E3-AF93-A9612223122C}.Release|Mixed Platforms.ActiveCfg = Release|Any CPU
		{A215E837-1208-49E3-AF93-A9612223122C}.Release|Mixed Platforms.Build.0 = Release|Any CPU
		{A215E837-1208-49E3-AF93-A9612223122C}.Release|x64.ActiveCfg = Release|Any CPU
		{A215E837-1208-49E3-AF93-A9612223122C}.Release|x86.ActiveCfg = Release|Any CPU
		{12258B1D-35E8-45BA-9C1E-5F7B8ACD7D37}.Debug|Any CPU.ActiveCfg = Debug|Any CPU
		{12258B1D-35E8-45BA-9C1E-5F7B8ACD7D37}.Debug|Any CPU.Build.0 = Debug|Any CPU
		{12258B1D-35E8-45BA-9C1E-5F7B8ACD7D37}.Debug|Mixed Platforms.ActiveCfg = debug-net45|Any CPU
		{12258B1D-35E8-45BA-9C1E-5F7B8ACD7D37}.Debug|Mixed Platforms.Build.0 = debug-net45|Any CPU
		{12258B1D-35E8-45BA-9C1E-5F7B8ACD7D37}.Debug|x64.ActiveCfg = Debug|Any CPU
		{12258B1D-35E8-45BA-9C1E-5F7B8ACD7D37}.Debug|x86.ActiveCfg = Debug|Any CPU
		{12258B1D-35E8-45BA-9C1E-5F7B8ACD7D37}.Release|Any CPU.ActiveCfg = Release|Any CPU
		{12258B1D-35E8-45BA-9C1E-5F7B8ACD7D37}.Release|Any CPU.Build.0 = Release|Any CPU
		{12258B1D-35E8-45BA-9C1E-5F7B8ACD7D37}.Release|Mixed Platforms.ActiveCfg = Release|Any CPU
		{12258B1D-35E8-45BA-9C1E-5F7B8ACD7D37}.Release|Mixed Platforms.Build.0 = Release|Any CPU
		{12258B1D-35E8-45BA-9C1E-5F7B8ACD7D37}.Release|x64.ActiveCfg = Release|Any CPU
		{12258B1D-35E8-45BA-9C1E-5F7B8ACD7D37}.Release|x86.ActiveCfg = Release|Any CPU
		{D6853570-4238-430A-ADFE-3CAACE172954}.Debug|Any CPU.ActiveCfg = Debug|Any CPU
		{D6853570-4238-430A-ADFE-3CAACE172954}.Debug|Any CPU.Build.0 = Debug|Any CPU
		{D6853570-4238-430A-ADFE-3CAACE172954}.Debug|Mixed Platforms.ActiveCfg = debug-net45|Any CPU
		{D6853570-4238-430A-ADFE-3CAACE172954}.Debug|Mixed Platforms.Build.0 = debug-net45|Any CPU
		{D6853570-4238-430A-ADFE-3CAACE172954}.Debug|x64.ActiveCfg = Debug|Any CPU
		{D6853570-4238-430A-ADFE-3CAACE172954}.Debug|x86.ActiveCfg = Debug|Any CPU
		{D6853570-4238-430A-ADFE-3CAACE172954}.Release|Any CPU.ActiveCfg = Release|Any CPU
		{D6853570-4238-430A-ADFE-3CAACE172954}.Release|Any CPU.Build.0 = Release|Any CPU
		{D6853570-4238-430A-ADFE-3CAACE172954}.Release|Mixed Platforms.ActiveCfg = Release|Any CPU
		{D6853570-4238-430A-ADFE-3CAACE172954}.Release|Mixed Platforms.Build.0 = Release|Any CPU
		{D6853570-4238-430A-ADFE-3CAACE172954}.Release|x64.ActiveCfg = Release|Any CPU
		{D6853570-4238-430A-ADFE-3CAACE172954}.Release|x86.ActiveCfg = Release|Any CPU
		{E37375CE-ADBA-47C9-9FA1-D7C5C704CD89}.Debug|Any CPU.ActiveCfg = Debug|Any CPU
		{E37375CE-ADBA-47C9-9FA1-D7C5C704CD89}.Debug|Any CPU.Build.0 = Debug|Any CPU
		{E37375CE-ADBA-47C9-9FA1-D7C5C704CD89}.Debug|Mixed Platforms.ActiveCfg = debug-net45|Any CPU
		{E37375CE-ADBA-47C9-9FA1-D7C5C704CD89}.Debug|Mixed Platforms.Build.0 = debug-net45|Any CPU
		{E37375CE-ADBA-47C9-9FA1-D7C5C704CD89}.Debug|x64.ActiveCfg = Debug|Any CPU
		{E37375CE-ADBA-47C9-9FA1-D7C5C704CD89}.Debug|x86.ActiveCfg = Debug|Any CPU
		{E37375CE-ADBA-47C9-9FA1-D7C5C704CD89}.Release|Any CPU.ActiveCfg = Release|Any CPU
		{E37375CE-ADBA-47C9-9FA1-D7C5C704CD89}.Release|Any CPU.Build.0 = Release|Any CPU
		{E37375CE-ADBA-47C9-9FA1-D7C5C704CD89}.Release|Mixed Platforms.ActiveCfg = Release|Any CPU
		{E37375CE-ADBA-47C9-9FA1-D7C5C704CD89}.Release|Mixed Platforms.Build.0 = Release|Any CPU
		{E37375CE-ADBA-47C9-9FA1-D7C5C704CD89}.Release|x64.ActiveCfg = Release|Any CPU
		{E37375CE-ADBA-47C9-9FA1-D7C5C704CD89}.Release|x86.ActiveCfg = Release|Any CPU
	EndGlobalSection
	GlobalSection(SolutionProperties) = preSolution
		HideSolutionNode = FALSE
	EndGlobalSection
	GlobalSection(NestedProjects) = preSolution
		{95E2C313-46FA-4B4B-9EFF-3228662908F4} = {5B64C6CB-0409-4FB2-90BE-0E4594E00D97}
		{D3BA9766-79FD-4DC9-9A44-B847C6625E0A} = {5B64C6CB-0409-4FB2-90BE-0E4594E00D97}
		{8A680813-C83B-497A-85E6-E8F07B7D7650} = {5B64C6CB-0409-4FB2-90BE-0E4594E00D97}
		{98EFE255-60D6-4C1B-95A6-49779D21E94E} = {5B64C6CB-0409-4FB2-90BE-0E4594E00D97}
		{72AFCFE8-C9E9-45FA-9698-BEE896A517A3} = {5B64C6CB-0409-4FB2-90BE-0E4594E00D97}
		{A2C4864F-8976-4C5B-A2BF-60AE31749BB7} = {5B64C6CB-0409-4FB2-90BE-0E4594E00D97}
		{641C9D72-F05E-43CE-BD1A-09DE4819AD93} = {37F034A2-E126-411C-B47D-C137CA83D5DE}
		{AFB6C06A-079A-43B4-B314-8E5F6359C77A} = {37F034A2-E126-411C-B47D-C137CA83D5DE}
		{FDA13653-9A89-46A0-9E62-91A07A7E6044} = {37F034A2-E126-411C-B47D-C137CA83D5DE}
		{BF858A13-1FE7-42F0-AF78-D9909FA193D1} = {5B64C6CB-0409-4FB2-90BE-0E4594E00D97}
		{CDDDDADC-9F83-45F8-B01E-24B1E9536FDC} = {5B64C6CB-0409-4FB2-90BE-0E4594E00D97}
		{A215E837-1208-49E3-AF93-A9612223122C} = {5B64C6CB-0409-4FB2-90BE-0E4594E00D97}
		{12258B1D-35E8-45BA-9C1E-5F7B8ACD7D37} = {5B64C6CB-0409-4FB2-90BE-0E4594E00D97}
		{D6853570-4238-430A-ADFE-3CAACE172954} = {5B64C6CB-0409-4FB2-90BE-0E4594E00D97}
		{E37375CE-ADBA-47C9-9FA1-D7C5C704CD89} = {5B64C6CB-0409-4FB2-90BE-0E4594E00D97}
	EndGlobalSection
EndGlobal
