
Microsoft Visual Studio Solution File, Format Version 9.00
# Visual Studio 2005
Project("{FAE04EC0-301F-11D3-BF4B-00C04F79EFBC}") = "AdminInterface", "AdminInterface\AdminInterface.csproj", "{656DA754-EAFC-4A6B-8183-0F1AAE8D6D60}"
	ProjectSection(WebsiteProperties) = preProject
		Debug.AspNetCompiler.Debug = "True"
		Release.AspNetCompiler.Debug = "False"
	EndProjectSection
EndProject
Global
	GlobalSection(SourceCodeControl) = preSolution
		SccNumberOfProjects = 2
		SccLocalPath0 = .
		CanCheckoutShared = false
		SccProjectUniqueName1 = AdminInterface\\AdminInterface.csproj
		SccLocalPath1 = .
		CanCheckoutShared = false
		SccProjectFilePathRelativizedFromConnection1 = AdminInterface\\
	EndGlobalSection
	GlobalSection(SolutionConfigurationPlatforms) = preSolution
		Debug|Any CPU = Debug|Any CPU
		Release|Any CPU = Release|Any CPU
	EndGlobalSection
	GlobalSection(ProjectConfigurationPlatforms) = postSolution
		{656DA754-EAFC-4A6B-8183-0F1AAE8D6D60}.Debug|Any CPU.ActiveCfg = Debug|Any CPU
		{656DA754-EAFC-4A6B-8183-0F1AAE8D6D60}.Debug|Any CPU.Build.0 = Debug|Any CPU
		{656DA754-EAFC-4A6B-8183-0F1AAE8D6D60}.Release|Any CPU.ActiveCfg = Release|Any CPU
		{656DA754-EAFC-4A6B-8183-0F1AAE8D6D60}.Release|Any CPU.Build.0 = Release|Any CPU
	EndGlobalSection
	GlobalSection(SolutionProperties) = preSolution
		HideSolutionNode = FALSE
	EndGlobalSection
EndGlobal
